
Microsoft Visual Studio Solution File, Format Version 12.00
# Visual Studio Version 16
VisualStudioVersion = 16.0.30225.117
MinimumVisualStudioVersion = 10.0.40219.1
Project("{9A19103F-16F7-4668-BE54-9A1E7A4F7556}") = "BookList", "BookList\BookList.csproj", "{BB024242-04AB-4075-B7D7-B3EEE001586D}"
EndProject
Global
	GlobalSection(SolutionConfigurationPlatforms) = preSolution
		Debug|Any CPU = Debug|Any CPU
		Release|Any CPU = Release|Any CPU
	EndGlobalSection
	GlobalSection(ProjectConfigurationPlatforms) = postSolution
		{BB024242-04AB-4075-B7D7-B3EEE001586D}.Debug|Any CPU.ActiveCfg = Debug|Any CPU
		{BB024242-04AB-4075-B7D7-B3EEE001586D}.Debug|Any CPU.Build.0 = Debug|Any CPU
		{BB024242-04AB-4075-B7D7-B3EEE001586D}.Release|Any CPU.ActiveCfg = Release|Any CPU
		{BB024242-04AB-4075-B7D7-B3EEE001586D}.Release|Any CPU.Build.0 = Release|Any CPU
	EndGlobalSection
	GlobalSection(SolutionProperties) = preSolution
		HideSolutionNode = FALSE
	EndGlobalSection
	GlobalSection(ExtensibilityGlobals) = postSolution
		SolutionGuid = {8F9AD674-6D59-4E7A-895F-3C5E6040925C}
	EndGlobalSection
EndGlobal
